
Microsoft Visual Studio Solution File, Format Version 12.00
# Visual Studio 2013
VisualStudioVersion = 12.0.30501.0
MinimumVisualStudioVersion = 10.0.40219.1
Project("{FAE04EC0-301F-11D3-BF4B-00C04F79EFBC}") = "RealmPlayersServer", "RealmPlayersWebsite\RealmPlayersServer.csproj", "{0DAF0727-AF2A-4D71-A0D4-7769442222DD}"
EndProject
Project("{FAE04EC0-301F-11D3-BF4B-00C04F79EFBC}") = "VF_RaidDamageWebsite", "RaidStatsWebsite\VF_RaidDamageWebsite.csproj", "{946B9A8D-F9CB-4E1D-93E3-BF09E2420B3E}"
EndProject
Project("{FAE04EC0-301F-11D3-BF4B-00C04F79EFBC}") = "VF_RealmPlayersDatabase", "RealmPlayersDatabase\VF_RealmPlayersDatabase.csproj", "{AC235BCE-181B-4B49-8ABC-D1639D935373}"
EndProject
Project("{FAE04EC0-301F-11D3-BF4B-00C04F79EFBC}") = "VF_RaidDamageDatabase", "RaidStatsDatabase\VF_RaidDamageDatabase.csproj", "{AD95F54B-59AB-4176-B513-6DC81E723FF7}"
EndProject
Project("{FAE04EC0-301F-11D3-BF4B-00C04F79EFBC}") = "VF_WoWLauncher", "WowLauncher\VF_WoWLauncher.csproj", "{639160EC-FCA4-4C5C-A2E3-79C67B7B254E}"
EndProject
Project("{FAE04EC0-301F-11D3-BF4B-00C04F79EFBC}") = "VF_WowLauncherInstaller", "WowLauncherInstaller\VF_WowLauncherInstaller.csproj", "{9A12D2D7-C9F7-4A25-B051-426424E9A0C4}"
EndProject
Project("{FAE04EC0-301F-11D3-BF4B-00C04F79EFBC}") = "VF_WoWLauncherServer", "WowLauncherServer\VF_WoWLauncherServer.csproj", "{9868D730-3DA7-4CD8-9DB5-DBDD6557B2DB}"
EndProject
Project("{2150E333-8FDC-42A3-9474-1A3956D46DE8}") = "Websites", "Websites", "{FBF477D3-EBFC-4A2F-A958-747143866727}"
EndProject
Project("{2150E333-8FDC-42A3-9474-1A3956D46DE8}") = "Database", "Database", "{368DFFA5-E5E2-4FBC-9AF4-B76AB3FBE62A}"
EndProject
Project("{2150E333-8FDC-42A3-9474-1A3956D46DE8}") = "Launcher", "Launcher", "{701E4B82-D923-4951-82D4-CE345E6BA43A}"
EndProject
Project("{2150E333-8FDC-42A3-9474-1A3956D46DE8}") = "Tools", "Tools", "{0DC79FCA-396D-4202-A5F9-BB2C51423D92}"
EndProject
Project("{FAE04EC0-301F-11D3-BF4B-00C04F79EFBC}") = "MongoDBPorting", "MongoDBPorting\MongoDBPorting.csproj", "{37207B8E-497A-4C5C-B1E8-E15D8521B30B}"
EndProject
Global
	GlobalSection(SolutionConfigurationPlatforms) = preSolution
		Debug|Any CPU = Debug|Any CPU
		Debug|x64 = Debug|x64
		Release|Any CPU = Release|Any CPU
		Release|x64 = Release|x64
	EndGlobalSection
	GlobalSection(ProjectConfigurationPlatforms) = postSolution
		{0DAF0727-AF2A-4D71-A0D4-7769442222DD}.Debug|Any CPU.ActiveCfg = Debug|Any CPU
		{0DAF0727-AF2A-4D71-A0D4-7769442222DD}.Debug|Any CPU.Build.0 = Debug|Any CPU
		{0DAF0727-AF2A-4D71-A0D4-7769442222DD}.Debug|x64.ActiveCfg = Debug|x64
		{0DAF0727-AF2A-4D71-A0D4-7769442222DD}.Debug|x64.Build.0 = Debug|x64
		{0DAF0727-AF2A-4D71-A0D4-7769442222DD}.Release|Any CPU.ActiveCfg = Release|Any CPU
		{0DAF0727-AF2A-4D71-A0D4-7769442222DD}.Release|Any CPU.Build.0 = Release|Any CPU
		{0DAF0727-AF2A-4D71-A0D4-7769442222DD}.Release|x64.ActiveCfg = Release|x64
		{0DAF0727-AF2A-4D71-A0D4-7769442222DD}.Release|x64.Build.0 = Release|x64
		{946B9A8D-F9CB-4E1D-93E3-BF09E2420B3E}.Debug|Any CPU.ActiveCfg = Debug|Any CPU
		{946B9A8D-F9CB-4E1D-93E3-BF09E2420B3E}.Debug|Any CPU.Build.0 = Debug|Any CPU
		{946B9A8D-F9CB-4E1D-93E3-BF09E2420B3E}.Debug|x64.ActiveCfg = Debug|x64
		{946B9A8D-F9CB-4E1D-93E3-BF09E2420B3E}.Debug|x64.Build.0 = Debug|x64
		{946B9A8D-F9CB-4E1D-93E3-BF09E2420B3E}.Release|Any CPU.ActiveCfg = Release|Any CPU
		{946B9A8D-F9CB-4E1D-93E3-BF09E2420B3E}.Release|Any CPU.Build.0 = Release|Any CPU
		{946B9A8D-F9CB-4E1D-93E3-BF09E2420B3E}.Release|x64.ActiveCfg = Release|x64
		{946B9A8D-F9CB-4E1D-93E3-BF09E2420B3E}.Release|x64.Build.0 = Release|x64
		{AC235BCE-181B-4B49-8ABC-D1639D935373}.Debug|Any CPU.ActiveCfg = Debug|Any CPU
		{AC235BCE-181B-4B49-8ABC-D1639D935373}.Debug|Any CPU.Build.0 = Debug|Any CPU
		{AC235BCE-181B-4B49-8ABC-D1639D935373}.Debug|x64.ActiveCfg = Debug|x64
		{AC235BCE-181B-4B49-8ABC-D1639D935373}.Debug|x64.Build.0 = Debug|x64
		{AC235BCE-181B-4B49-8ABC-D1639D935373}.Release|Any CPU.ActiveCfg = Release|Any CPU
		{AC235BCE-181B-4B49-8ABC-D1639D935373}.Release|Any CPU.Build.0 = Release|Any CPU
		{AC235BCE-181B-4B49-8ABC-D1639D935373}.Release|x64.ActiveCfg = Release|x64
		{AC235BCE-181B-4B49-8ABC-D1639D935373}.Release|x64.Build.0 = Release|x64
		{AD95F54B-59AB-4176-B513-6DC81E723FF7}.Debug|Any CPU.ActiveCfg = Debug|Any CPU
		{AD95F54B-59AB-4176-B513-6DC81E723FF7}.Debug|Any CPU.Build.0 = Debug|Any CPU
		{AD95F54B-59AB-4176-B513-6DC81E723FF7}.Debug|x64.ActiveCfg = Debug|x64
		{AD95F54B-59AB-4176-B513-6DC81E723FF7}.Debug|x64.Build.0 = Debug|x64
		{AD95F54B-59AB-4176-B513-6DC81E723FF7}.Release|Any CPU.ActiveCfg = Release|Any CPU
		{AD95F54B-59AB-4176-B513-6DC81E723FF7}.Release|Any CPU.Build.0 = Release|Any CPU
		{AD95F54B-59AB-4176-B513-6DC81E723FF7}.Release|x64.ActiveCfg = Release|x64
		{AD95F54B-59AB-4176-B513-6DC81E723FF7}.Release|x64.Build.0 = Release|x64
		{639160EC-FCA4-4C5C-A2E3-79C67B7B254E}.Debug|Any CPU.ActiveCfg = Debug|Any CPU
		{639160EC-FCA4-4C5C-A2E3-79C67B7B254E}.Debug|Any CPU.Build.0 = Debug|Any CPU
		{639160EC-FCA4-4C5C-A2E3-79C67B7B254E}.Debug|x64.ActiveCfg = Debug|x64
		{639160EC-FCA4-4C5C-A2E3-79C67B7B254E}.Debug|x64.Build.0 = Debug|x64
		{639160EC-FCA4-4C5C-A2E3-79C67B7B254E}.Release|Any CPU.ActiveCfg = Release|Any CPU
		{639160EC-FCA4-4C5C-A2E3-79C67B7B254E}.Release|Any CPU.Build.0 = Release|Any CPU
		{639160EC-FCA4-4C5C-A2E3-79C67B7B254E}.Release|x64.ActiveCfg = Release|x64
		{639160EC-FCA4-4C5C-A2E3-79C67B7B254E}.Release|x64.Build.0 = Release|x64
		{9A12D2D7-C9F7-4A25-B051-426424E9A0C4}.Debug|Any CPU.ActiveCfg = Debug|Any CPU
		{9A12D2D7-C9F7-4A25-B051-426424E9A0C4}.Debug|Any CPU.Build.0 = Debug|Any CPU
		{9A12D2D7-C9F7-4A25-B051-426424E9A0C4}.Debug|x64.ActiveCfg = Debug|x64
		{9A12D2D7-C9F7-4A25-B051-426424E9A0C4}.Debug|x64.Build.0 = Debug|x64
		{9A12D2D7-C9F7-4A25-B051-426424E9A0C4}.Release|Any CPU.ActiveCfg = Release|Any CPU
		{9A12D2D7-C9F7-4A25-B051-426424E9A0C4}.Release|Any CPU.Build.0 = Release|Any CPU
		{9A12D2D7-C9F7-4A25-B051-426424E9A0C4}.Release|x64.ActiveCfg = Release|x64
		{9A12D2D7-C9F7-4A25-B051-426424E9A0C4}.Release|x64.Build.0 = Release|x64
		{9868D730-3DA7-4CD8-9DB5-DBDD6557B2DB}.Debug|Any CPU.ActiveCfg = Debug|Any CPU
		{9868D730-3DA7-4CD8-9DB5-DBDD6557B2DB}.Debug|Any CPU.Build.0 = Debug|Any CPU
		{9868D730-3DA7-4CD8-9DB5-DBDD6557B2DB}.Debug|x64.ActiveCfg = Debug|x64
		{9868D730-3DA7-4CD8-9DB5-DBDD6557B2DB}.Debug|x64.Build.0 = Debug|x64
		{9868D730-3DA7-4CD8-9DB5-DBDD6557B2DB}.Release|Any CPU.ActiveCfg = Release|Any CPU
		{9868D730-3DA7-4CD8-9DB5-DBDD6557B2DB}.Release|Any CPU.Build.0 = Release|Any CPU
		{9868D730-3DA7-4CD8-9DB5-DBDD6557B2DB}.Release|x64.ActiveCfg = Release|x64
		{9868D730-3DA7-4CD8-9DB5-DBDD6557B2DB}.Release|x64.Build.0 = Release|x64
		{37207B8E-497A-4C5C-B1E8-E15D8521B30B}.Debug|Any CPU.ActiveCfg = Debug|Any CPU
		{37207B8E-497A-4C5C-B1E8-E15D8521B30B}.Debug|Any CPU.Build.0 = Debug|Any CPU
		{37207B8E-497A-4C5C-B1E8-E15D8521B30B}.Debug|x64.ActiveCfg = Debug|x64
		{37207B8E-497A-4C5C-B1E8-E15D8521B30B}.Debug|x64.Build.0 = Debug|x64
		{37207B8E-497A-4C5C-B1E8-E15D8521B30B}.Release|Any CPU.ActiveCfg = Release|Any CPU
		{37207B8E-497A-4C5C-B1E8-E15D8521B30B}.Release|Any CPU.Build.0 = Release|Any CPU
		{37207B8E-497A-4C5C-B1E8-E15D8521B30B}.Release|x64.ActiveCfg = Release|x64
		{37207B8E-497A-4C5C-B1E8-E15D8521B30B}.Release|x64.Build.0 = Release|x64
	EndGlobalSection
	GlobalSection(SolutionProperties) = preSolution
		HideSolutionNode = FALSE
	EndGlobalSection
	GlobalSection(NestedProjects) = preSolution
		{0DAF0727-AF2A-4D71-A0D4-7769442222DD} = {FBF477D3-EBFC-4A2F-A958-747143866727}
		{946B9A8D-F9CB-4E1D-93E3-BF09E2420B3E} = {FBF477D3-EBFC-4A2F-A958-747143866727}
		{AC235BCE-181B-4B49-8ABC-D1639D935373} = {368DFFA5-E5E2-4FBC-9AF4-B76AB3FBE62A}
		{AD95F54B-59AB-4176-B513-6DC81E723FF7} = {368DFFA5-E5E2-4FBC-9AF4-B76AB3FBE62A}
		{639160EC-FCA4-4C5C-A2E3-79C67B7B254E} = {701E4B82-D923-4951-82D4-CE345E6BA43A}
		{9A12D2D7-C9F7-4A25-B051-426424E9A0C4} = {701E4B82-D923-4951-82D4-CE345E6BA43A}
		{9868D730-3DA7-4CD8-9DB5-DBDD6557B2DB} = {368DFFA5-E5E2-4FBC-9AF4-B76AB3FBE62A}
		{37207B8E-497A-4C5C-B1E8-E15D8521B30B} = {0DC79FCA-396D-4202-A5F9-BB2C51423D92}
	EndGlobalSection
EndGlobal
