
Microsoft Visual Studio Solution File, Format Version 12.00
# Visual Studio 2013
VisualStudioVersion = 12.0.31101.0
MinimumVisualStudioVersion = 10.0.40219.1
Project("{FAE04EC0-301F-11D3-BF4B-00C04F79EFBC}") = "RealmPlayersServer", "RealmPlayersWebsite\RealmPlayersServer.csproj", "{0DAF0727-AF2A-4D71-A0D4-7769442222DD}"
EndProject
Project("{FAE04EC0-301F-11D3-BF4B-00C04F79EFBC}") = "VF_RaidDamageWebsite", "RaidStatsWebsite\VF_RaidDamageWebsite.csproj", "{946B9A8D-F9CB-4E1D-93E3-BF09E2420B3E}"
EndProject
Project("{FAE04EC0-301F-11D3-BF4B-00C04F79EFBC}") = "VF_RealmPlayersDatabase", "RealmPlayersDatabase\VF_RealmPlayersDatabase.csproj", "{AC235BCE-181B-4B49-8ABC-D1639D935373}"
EndProject
Project("{FAE04EC0-301F-11D3-BF4B-00C04F79EFBC}") = "VF_RaidDamageDatabase", "RaidStatsDatabase\VF_RaidDamageDatabase.csproj", "{AD95F54B-59AB-4176-B513-6DC81E723FF7}"
EndProject
Project("{FAE04EC0-301F-11D3-BF4B-00C04F79EFBC}") = "VF_WoWLauncher", "WowLauncher\VF_WoWLauncher.csproj", "{639160EC-FCA4-4C5C-A2E3-79C67B7B254E}"
EndProject
Project("{FAE04EC0-301F-11D3-BF4B-00C04F79EFBC}") = "VF_WowLauncherInstaller", "WowLauncherInstaller\VF_WowLauncherInstaller.csproj", "{9A12D2D7-C9F7-4A25-B051-426424E9A0C4}"
EndProject
Project("{FAE04EC0-301F-11D3-BF4B-00C04F79EFBC}") = "VF_WoWLauncherServer", "WowLauncherServer\VF_WoWLauncherServer.csproj", "{9868D730-3DA7-4CD8-9DB5-DBDD6557B2DB}"
EndProject
Project("{2150E333-8FDC-42A3-9474-1A3956D46DE8}") = "Websites", "Websites", "{FBF477D3-EBFC-4A2F-A958-747143866727}"
EndProject
Project("{2150E333-8FDC-42A3-9474-1A3956D46DE8}") = "Database", "Database", "{368DFFA5-E5E2-4FBC-9AF4-B76AB3FBE62A}"
EndProject
Project("{2150E333-8FDC-42A3-9474-1A3956D46DE8}") = "Launcher", "Launcher", "{701E4B82-D923-4951-82D4-CE345E6BA43A}"
EndProject
Project("{2150E333-8FDC-42A3-9474-1A3956D46DE8}") = "Tools", "Tools", "{0DC79FCA-396D-4202-A5F9-BB2C51423D92}"
EndProject
Project("{FAE04EC0-301F-11D3-BF4B-00C04F79EFBC}") = "MongoDBPorting", "MongoDBPorting\MongoDBPorting.csproj", "{37207B8E-497A-4C5C-B1E8-E15D8521B30B}"
EndProject
Project("{8BC9CEB8-8B4A-11D0-8D11-00A0C91BC942}") = "RealmPlayersWebsiteCpp", "RealmPlayersWebsiteCpp\RealmPlayersWebsiteCpp.vcxproj", "{2E5F626D-BE91-43D9-B778-28C31C6ADA34}"
EndProject
Project("{8BC9CEB8-8B4A-11D0-8D11-00A0C91BC942}") = "DatabaseCppPort", "DatabaseCppPort\DatabaseCppPort.vcxproj", "{B7CE8B3A-A5F0-4419-A456-613C5E28BAE9}"
EndProject
Project("{FAE04EC0-301F-11D3-BF4B-00C04F79EFBC}") = "DatabaseCppPortApplication", "DatabaseCppPortApplication\DatabaseCppPortApplication.csproj", "{9289C605-017F-42EB-AC15-BF7600FF1E87}"
	ProjectSection(ProjectDependencies) = postProject
		{B7CE8B3A-A5F0-4419-A456-613C5E28BAE9} = {B7CE8B3A-A5F0-4419-A456-613C5E28BAE9}
	EndProjectSection
EndProject
Project("{FAE04EC0-301F-11D3-BF4B-00C04F79EFBC}") = "DatabaseHelper", "DatabaseHelper\DatabaseHelper.csproj", "{A4C9AAA4-61D5-4574-A4CD-467FE72BF0C0}"
EndProject
Project("{FAE04EC0-301F-11D3-BF4B-00C04F79EFBC}") = "ManualOldHistoryDataGenerator", "ManualOldHistoryDataGenerator\ManualOldHistoryDataGenerator.csproj", "{E7BF23B9-5C87-4E73-9363-F7E374C11340}"
EndProject
Project("{FAE04EC0-301F-11D3-BF4B-00C04F79EFBC}") = "ManualDataPurger", "ManualDataPurger\ManualDataPurger.csproj", "{689F7BC7-6920-4654-861B-61D71054C078}"
EndProject
Global
	GlobalSection(SolutionConfigurationPlatforms) = preSolution
		Debug|Any CPU = Debug|Any CPU
		Debug|Mixed Platforms = Debug|Mixed Platforms
		Debug|Win32 = Debug|Win32
		Debug|x64 = Debug|x64
		Release|Any CPU = Release|Any CPU
		Release|Mixed Platforms = Release|Mixed Platforms
		Release|Win32 = Release|Win32
		Release|x64 = Release|x64
	EndGlobalSection
	GlobalSection(ProjectConfigurationPlatforms) = postSolution
		{0DAF0727-AF2A-4D71-A0D4-7769442222DD}.Debug|Any CPU.ActiveCfg = Debug|Any CPU
		{0DAF0727-AF2A-4D71-A0D4-7769442222DD}.Debug|Any CPU.Build.0 = Debug|Any CPU
		{0DAF0727-AF2A-4D71-A0D4-7769442222DD}.Debug|Mixed Platforms.ActiveCfg = Debug|Any CPU
		{0DAF0727-AF2A-4D71-A0D4-7769442222DD}.Debug|Mixed Platforms.Build.0 = Debug|Any CPU
		{0DAF0727-AF2A-4D71-A0D4-7769442222DD}.Debug|Win32.ActiveCfg = Debug|Any CPU
		{0DAF0727-AF2A-4D71-A0D4-7769442222DD}.Debug|x64.ActiveCfg = Debug|x64
		{0DAF0727-AF2A-4D71-A0D4-7769442222DD}.Debug|x64.Build.0 = Debug|x64
		{0DAF0727-AF2A-4D71-A0D4-7769442222DD}.Release|Any CPU.ActiveCfg = Release|Any CPU
		{0DAF0727-AF2A-4D71-A0D4-7769442222DD}.Release|Any CPU.Build.0 = Release|Any CPU
		{0DAF0727-AF2A-4D71-A0D4-7769442222DD}.Release|Mixed Platforms.ActiveCfg = Release|Any CPU
		{0DAF0727-AF2A-4D71-A0D4-7769442222DD}.Release|Mixed Platforms.Build.0 = Release|Any CPU
		{0DAF0727-AF2A-4D71-A0D4-7769442222DD}.Release|Win32.ActiveCfg = Release|Any CPU
		{0DAF0727-AF2A-4D71-A0D4-7769442222DD}.Release|x64.ActiveCfg = Release|x64
		{0DAF0727-AF2A-4D71-A0D4-7769442222DD}.Release|x64.Build.0 = Release|x64
		{946B9A8D-F9CB-4E1D-93E3-BF09E2420B3E}.Debug|Any CPU.ActiveCfg = Debug|Any CPU
		{946B9A8D-F9CB-4E1D-93E3-BF09E2420B3E}.Debug|Any CPU.Build.0 = Debug|Any CPU
		{946B9A8D-F9CB-4E1D-93E3-BF09E2420B3E}.Debug|Mixed Platforms.ActiveCfg = Debug|Any CPU
		{946B9A8D-F9CB-4E1D-93E3-BF09E2420B3E}.Debug|Mixed Platforms.Build.0 = Debug|Any CPU
		{946B9A8D-F9CB-4E1D-93E3-BF09E2420B3E}.Debug|Win32.ActiveCfg = Debug|Any CPU
		{946B9A8D-F9CB-4E1D-93E3-BF09E2420B3E}.Debug|x64.ActiveCfg = Debug|x64
		{946B9A8D-F9CB-4E1D-93E3-BF09E2420B3E}.Debug|x64.Build.0 = Debug|x64
		{946B9A8D-F9CB-4E1D-93E3-BF09E2420B3E}.Release|Any CPU.ActiveCfg = Release|Any CPU
		{946B9A8D-F9CB-4E1D-93E3-BF09E2420B3E}.Release|Any CPU.Build.0 = Release|Any CPU
		{946B9A8D-F9CB-4E1D-93E3-BF09E2420B3E}.Release|Mixed Platforms.ActiveCfg = Release|Any CPU
		{946B9A8D-F9CB-4E1D-93E3-BF09E2420B3E}.Release|Mixed Platforms.Build.0 = Release|Any CPU
		{946B9A8D-F9CB-4E1D-93E3-BF09E2420B3E}.Release|Win32.ActiveCfg = Release|Any CPU
		{946B9A8D-F9CB-4E1D-93E3-BF09E2420B3E}.Release|x64.ActiveCfg = Release|x64
		{946B9A8D-F9CB-4E1D-93E3-BF09E2420B3E}.Release|x64.Build.0 = Release|x64
		{AC235BCE-181B-4B49-8ABC-D1639D935373}.Debug|Any CPU.ActiveCfg = Debug|Any CPU
		{AC235BCE-181B-4B49-8ABC-D1639D935373}.Debug|Any CPU.Build.0 = Debug|Any CPU
		{AC235BCE-181B-4B49-8ABC-D1639D935373}.Debug|Mixed Platforms.ActiveCfg = Debug|Any CPU
		{AC235BCE-181B-4B49-8ABC-D1639D935373}.Debug|Mixed Platforms.Build.0 = Debug|Any CPU
		{AC235BCE-181B-4B49-8ABC-D1639D935373}.Debug|Win32.ActiveCfg = Debug|Any CPU
		{AC235BCE-181B-4B49-8ABC-D1639D935373}.Debug|x64.ActiveCfg = Debug|x64
		{AC235BCE-181B-4B49-8ABC-D1639D935373}.Debug|x64.Build.0 = Debug|x64
		{AC235BCE-181B-4B49-8ABC-D1639D935373}.Release|Any CPU.ActiveCfg = Release|Any CPU
		{AC235BCE-181B-4B49-8ABC-D1639D935373}.Release|Any CPU.Build.0 = Release|Any CPU
		{AC235BCE-181B-4B49-8ABC-D1639D935373}.Release|Mixed Platforms.ActiveCfg = Release|Any CPU
		{AC235BCE-181B-4B49-8ABC-D1639D935373}.Release|Mixed Platforms.Build.0 = Release|Any CPU
		{AC235BCE-181B-4B49-8ABC-D1639D935373}.Release|Win32.ActiveCfg = Release|Any CPU
		{AC235BCE-181B-4B49-8ABC-D1639D935373}.Release|x64.ActiveCfg = Release|x64
		{AC235BCE-181B-4B49-8ABC-D1639D935373}.Release|x64.Build.0 = Release|x64
		{AD95F54B-59AB-4176-B513-6DC81E723FF7}.Debug|Any CPU.ActiveCfg = Debug|Any CPU
		{AD95F54B-59AB-4176-B513-6DC81E723FF7}.Debug|Any CPU.Build.0 = Debug|Any CPU
		{AD95F54B-59AB-4176-B513-6DC81E723FF7}.Debug|Mixed Platforms.ActiveCfg = Debug|Any CPU
		{AD95F54B-59AB-4176-B513-6DC81E723FF7}.Debug|Mixed Platforms.Build.0 = Debug|Any CPU
		{AD95F54B-59AB-4176-B513-6DC81E723FF7}.Debug|Win32.ActiveCfg = Debug|Any CPU
		{AD95F54B-59AB-4176-B513-6DC81E723FF7}.Debug|x64.ActiveCfg = Debug|x64
		{AD95F54B-59AB-4176-B513-6DC81E723FF7}.Debug|x64.Build.0 = Debug|x64
		{AD95F54B-59AB-4176-B513-6DC81E723FF7}.Release|Any CPU.ActiveCfg = Release|Any CPU
		{AD95F54B-59AB-4176-B513-6DC81E723FF7}.Release|Any CPU.Build.0 = Release|Any CPU
		{AD95F54B-59AB-4176-B513-6DC81E723FF7}.Release|Mixed Platforms.ActiveCfg = Release|Any CPU
		{AD95F54B-59AB-4176-B513-6DC81E723FF7}.Release|Mixed Platforms.Build.0 = Release|Any CPU
		{AD95F54B-59AB-4176-B513-6DC81E723FF7}.Release|Win32.ActiveCfg = Release|Any CPU
		{AD95F54B-59AB-4176-B513-6DC81E723FF7}.Release|x64.ActiveCfg = Release|x64
		{AD95F54B-59AB-4176-B513-6DC81E723FF7}.Release|x64.Build.0 = Release|x64
		{639160EC-FCA4-4C5C-A2E3-79C67B7B254E}.Debug|Any CPU.ActiveCfg = Debug|Any CPU
		{639160EC-FCA4-4C5C-A2E3-79C67B7B254E}.Debug|Any CPU.Build.0 = Debug|Any CPU
		{639160EC-FCA4-4C5C-A2E3-79C67B7B254E}.Debug|Mixed Platforms.ActiveCfg = Debug|Any CPU
		{639160EC-FCA4-4C5C-A2E3-79C67B7B254E}.Debug|Mixed Platforms.Build.0 = Debug|Any CPU
		{639160EC-FCA4-4C5C-A2E3-79C67B7B254E}.Debug|Win32.ActiveCfg = Debug|Any CPU
		{639160EC-FCA4-4C5C-A2E3-79C67B7B254E}.Debug|x64.ActiveCfg = Debug|x64
		{639160EC-FCA4-4C5C-A2E3-79C67B7B254E}.Debug|x64.Build.0 = Debug|x64
		{639160EC-FCA4-4C5C-A2E3-79C67B7B254E}.Release|Any CPU.ActiveCfg = Release|Any CPU
		{639160EC-FCA4-4C5C-A2E3-79C67B7B254E}.Release|Any CPU.Build.0 = Release|Any CPU
		{639160EC-FCA4-4C5C-A2E3-79C67B7B254E}.Release|Mixed Platforms.ActiveCfg = Release|Any CPU
		{639160EC-FCA4-4C5C-A2E3-79C67B7B254E}.Release|Mixed Platforms.Build.0 = Release|Any CPU
		{639160EC-FCA4-4C5C-A2E3-79C67B7B254E}.Release|Win32.ActiveCfg = Release|Any CPU
		{639160EC-FCA4-4C5C-A2E3-79C67B7B254E}.Release|x64.ActiveCfg = Release|x64
		{639160EC-FCA4-4C5C-A2E3-79C67B7B254E}.Release|x64.Build.0 = Release|x64
		{9A12D2D7-C9F7-4A25-B051-426424E9A0C4}.Debug|Any CPU.ActiveCfg = Debug|Any CPU
		{9A12D2D7-C9F7-4A25-B051-426424E9A0C4}.Debug|Any CPU.Build.0 = Debug|Any CPU
		{9A12D2D7-C9F7-4A25-B051-426424E9A0C4}.Debug|Mixed Platforms.ActiveCfg = Debug|Any CPU
		{9A12D2D7-C9F7-4A25-B051-426424E9A0C4}.Debug|Mixed Platforms.Build.0 = Debug|Any CPU
		{9A12D2D7-C9F7-4A25-B051-426424E9A0C4}.Debug|Win32.ActiveCfg = Debug|Any CPU
		{9A12D2D7-C9F7-4A25-B051-426424E9A0C4}.Debug|x64.ActiveCfg = Debug|x64
		{9A12D2D7-C9F7-4A25-B051-426424E9A0C4}.Debug|x64.Build.0 = Debug|x64
		{9A12D2D7-C9F7-4A25-B051-426424E9A0C4}.Release|Any CPU.ActiveCfg = Release|Any CPU
		{9A12D2D7-C9F7-4A25-B051-426424E9A0C4}.Release|Any CPU.Build.0 = Release|Any CPU
		{9A12D2D7-C9F7-4A25-B051-426424E9A0C4}.Release|Mixed Platforms.ActiveCfg = Release|Any CPU
		{9A12D2D7-C9F7-4A25-B051-426424E9A0C4}.Release|Mixed Platforms.Build.0 = Release|Any CPU
		{9A12D2D7-C9F7-4A25-B051-426424E9A0C4}.Release|Win32.ActiveCfg = Release|Any CPU
		{9A12D2D7-C9F7-4A25-B051-426424E9A0C4}.Release|x64.ActiveCfg = Release|x64
		{9A12D2D7-C9F7-4A25-B051-426424E9A0C4}.Release|x64.Build.0 = Release|x64
		{9868D730-3DA7-4CD8-9DB5-DBDD6557B2DB}.Debug|Any CPU.ActiveCfg = Debug|Any CPU
		{9868D730-3DA7-4CD8-9DB5-DBDD6557B2DB}.Debug|Any CPU.Build.0 = Debug|Any CPU
		{9868D730-3DA7-4CD8-9DB5-DBDD6557B2DB}.Debug|Mixed Platforms.ActiveCfg = Debug|Any CPU
		{9868D730-3DA7-4CD8-9DB5-DBDD6557B2DB}.Debug|Mixed Platforms.Build.0 = Debug|Any CPU
		{9868D730-3DA7-4CD8-9DB5-DBDD6557B2DB}.Debug|Win32.ActiveCfg = Debug|Any CPU
		{9868D730-3DA7-4CD8-9DB5-DBDD6557B2DB}.Debug|x64.ActiveCfg = Debug|x64
		{9868D730-3DA7-4CD8-9DB5-DBDD6557B2DB}.Debug|x64.Build.0 = Debug|x64
		{9868D730-3DA7-4CD8-9DB5-DBDD6557B2DB}.Release|Any CPU.ActiveCfg = Release|Any CPU
		{9868D730-3DA7-4CD8-9DB5-DBDD6557B2DB}.Release|Any CPU.Build.0 = Release|Any CPU
		{9868D730-3DA7-4CD8-9DB5-DBDD6557B2DB}.Release|Mixed Platforms.ActiveCfg = Release|Any CPU
		{9868D730-3DA7-4CD8-9DB5-DBDD6557B2DB}.Release|Mixed Platforms.Build.0 = Release|Any CPU
		{9868D730-3DA7-4CD8-9DB5-DBDD6557B2DB}.Release|Win32.ActiveCfg = Release|Any CPU
		{9868D730-3DA7-4CD8-9DB5-DBDD6557B2DB}.Release|x64.ActiveCfg = Release|x64
		{9868D730-3DA7-4CD8-9DB5-DBDD6557B2DB}.Release|x64.Build.0 = Release|x64
		{37207B8E-497A-4C5C-B1E8-E15D8521B30B}.Debug|Any CPU.ActiveCfg = Debug|Any CPU
		{37207B8E-497A-4C5C-B1E8-E15D8521B30B}.Debug|Any CPU.Build.0 = Debug|Any CPU
		{37207B8E-497A-4C5C-B1E8-E15D8521B30B}.Debug|Mixed Platforms.ActiveCfg = Debug|Any CPU
		{37207B8E-497A-4C5C-B1E8-E15D8521B30B}.Debug|Mixed Platforms.Build.0 = Debug|Any CPU
		{37207B8E-497A-4C5C-B1E8-E15D8521B30B}.Debug|Win32.ActiveCfg = Debug|Any CPU
		{37207B8E-497A-4C5C-B1E8-E15D8521B30B}.Debug|x64.ActiveCfg = Debug|x64
		{37207B8E-497A-4C5C-B1E8-E15D8521B30B}.Debug|x64.Build.0 = Debug|x64
		{37207B8E-497A-4C5C-B1E8-E15D8521B30B}.Release|Any CPU.ActiveCfg = Release|Any CPU
		{37207B8E-497A-4C5C-B1E8-E15D8521B30B}.Release|Any CPU.Build.0 = Release|Any CPU
		{37207B8E-497A-4C5C-B1E8-E15D8521B30B}.Release|Mixed Platforms.ActiveCfg = Release|Any CPU
		{37207B8E-497A-4C5C-B1E8-E15D8521B30B}.Release|Mixed Platforms.Build.0 = Release|Any CPU
		{37207B8E-497A-4C5C-B1E8-E15D8521B30B}.Release|Win32.ActiveCfg = Release|Any CPU
		{37207B8E-497A-4C5C-B1E8-E15D8521B30B}.Release|x64.ActiveCfg = Release|x64
		{37207B8E-497A-4C5C-B1E8-E15D8521B30B}.Release|x64.Build.0 = Release|x64
		{2E5F626D-BE91-43D9-B778-28C31C6ADA34}.Debug|Any CPU.ActiveCfg = Debug|Win32
		{2E5F626D-BE91-43D9-B778-28C31C6ADA34}.Debug|Mixed Platforms.ActiveCfg = Debug|Win32
		{2E5F626D-BE91-43D9-B778-28C31C6ADA34}.Debug|Mixed Platforms.Build.0 = Debug|Win32
		{2E5F626D-BE91-43D9-B778-28C31C6ADA34}.Debug|Win32.ActiveCfg = Debug|Win32
		{2E5F626D-BE91-43D9-B778-28C31C6ADA34}.Debug|Win32.Build.0 = Debug|Win32
		{2E5F626D-BE91-43D9-B778-28C31C6ADA34}.Debug|x64.ActiveCfg = Debug|Win32
		{2E5F626D-BE91-43D9-B778-28C31C6ADA34}.Release|Any CPU.ActiveCfg = Release|Win32
		{2E5F626D-BE91-43D9-B778-28C31C6ADA34}.Release|Mixed Platforms.ActiveCfg = Release|Win32
		{2E5F626D-BE91-43D9-B778-28C31C6ADA34}.Release|Mixed Platforms.Build.0 = Release|Win32
		{2E5F626D-BE91-43D9-B778-28C31C6ADA34}.Release|Win32.ActiveCfg = Release|Win32
		{2E5F626D-BE91-43D9-B778-28C31C6ADA34}.Release|Win32.Build.0 = Release|Win32
		{2E5F626D-BE91-43D9-B778-28C31C6ADA34}.Release|x64.ActiveCfg = Release|Win32
		{B7CE8B3A-A5F0-4419-A456-613C5E28BAE9}.Debug|Any CPU.ActiveCfg = Debug|Win32
		{B7CE8B3A-A5F0-4419-A456-613C5E28BAE9}.Debug|Mixed Platforms.ActiveCfg = Debug|Win32
		{B7CE8B3A-A5F0-4419-A456-613C5E28BAE9}.Debug|Mixed Platforms.Build.0 = Debug|Win32
		{B7CE8B3A-A5F0-4419-A456-613C5E28BAE9}.Debug|Win32.ActiveCfg = Debug|Win32
		{B7CE8B3A-A5F0-4419-A456-613C5E28BAE9}.Debug|Win32.Build.0 = Debug|Win32
		{B7CE8B3A-A5F0-4419-A456-613C5E28BAE9}.Debug|x64.ActiveCfg = Debug|Win32
		{B7CE8B3A-A5F0-4419-A456-613C5E28BAE9}.Release|Any CPU.ActiveCfg = Release|Win32
		{B7CE8B3A-A5F0-4419-A456-613C5E28BAE9}.Release|Mixed Platforms.ActiveCfg = Release|Win32
		{B7CE8B3A-A5F0-4419-A456-613C5E28BAE9}.Release|Mixed Platforms.Build.0 = Release|Win32
		{B7CE8B3A-A5F0-4419-A456-613C5E28BAE9}.Release|Win32.ActiveCfg = Release|Win32
		{B7CE8B3A-A5F0-4419-A456-613C5E28BAE9}.Release|Win32.Build.0 = Release|Win32
		{B7CE8B3A-A5F0-4419-A456-613C5E28BAE9}.Release|x64.ActiveCfg = Release|Win32
		{9289C605-017F-42EB-AC15-BF7600FF1E87}.Debug|Any CPU.ActiveCfg = Debug|Any CPU
		{9289C605-017F-42EB-AC15-BF7600FF1E87}.Debug|Any CPU.Build.0 = Debug|Any CPU
		{9289C605-017F-42EB-AC15-BF7600FF1E87}.Debug|Mixed Platforms.ActiveCfg = Debug|Any CPU
		{9289C605-017F-42EB-AC15-BF7600FF1E87}.Debug|Mixed Platforms.Build.0 = Debug|Any CPU
		{9289C605-017F-42EB-AC15-BF7600FF1E87}.Debug|Win32.ActiveCfg = Debug|Any CPU
		{9289C605-017F-42EB-AC15-BF7600FF1E87}.Debug|x64.ActiveCfg = Debug|Any CPU
		{9289C605-017F-42EB-AC15-BF7600FF1E87}.Release|Any CPU.ActiveCfg = Release|Any CPU
		{9289C605-017F-42EB-AC15-BF7600FF1E87}.Release|Any CPU.Build.0 = Release|Any CPU
		{9289C605-017F-42EB-AC15-BF7600FF1E87}.Release|Mixed Platforms.ActiveCfg = Release|Any CPU
		{9289C605-017F-42EB-AC15-BF7600FF1E87}.Release|Mixed Platforms.Build.0 = Release|Any CPU
		{9289C605-017F-42EB-AC15-BF7600FF1E87}.Release|Win32.ActiveCfg = Release|Any CPU
		{9289C605-017F-42EB-AC15-BF7600FF1E87}.Release|x64.ActiveCfg = Release|Any CPU
		{A4C9AAA4-61D5-4574-A4CD-467FE72BF0C0}.Debug|Any CPU.ActiveCfg = Debug|Any CPU
		{A4C9AAA4-61D5-4574-A4CD-467FE72BF0C0}.Debug|Any CPU.Build.0 = Debug|Any CPU
		{A4C9AAA4-61D5-4574-A4CD-467FE72BF0C0}.Debug|Mixed Platforms.ActiveCfg = Debug|Any CPU
		{A4C9AAA4-61D5-4574-A4CD-467FE72BF0C0}.Debug|Mixed Platforms.Build.0 = Debug|Any CPU
		{A4C9AAA4-61D5-4574-A4CD-467FE72BF0C0}.Debug|Win32.ActiveCfg = Debug|Any CPU
		{A4C9AAA4-61D5-4574-A4CD-467FE72BF0C0}.Debug|x64.ActiveCfg = Debug|Any CPU
		{A4C9AAA4-61D5-4574-A4CD-467FE72BF0C0}.Release|Any CPU.ActiveCfg = Release|Any CPU
		{A4C9AAA4-61D5-4574-A4CD-467FE72BF0C0}.Release|Any CPU.Build.0 = Release|Any CPU
		{A4C9AAA4-61D5-4574-A4CD-467FE72BF0C0}.Release|Mixed Platforms.ActiveCfg = Release|Any CPU
		{A4C9AAA4-61D5-4574-A4CD-467FE72BF0C0}.Release|Mixed Platforms.Build.0 = Release|Any CPU
		{A4C9AAA4-61D5-4574-A4CD-467FE72BF0C0}.Release|Win32.ActiveCfg = Release|Any CPU
		{A4C9AAA4-61D5-4574-A4CD-467FE72BF0C0}.Release|x64.ActiveCfg = Release|Any CPU
		{E7BF23B9-5C87-4E73-9363-F7E374C11340}.Debug|Any CPU.ActiveCfg = Debug|Any CPU
		{E7BF23B9-5C87-4E73-9363-F7E374C11340}.Debug|Any CPU.Build.0 = Debug|Any CPU
		{E7BF23B9-5C87-4E73-9363-F7E374C11340}.Debug|Mixed Platforms.ActiveCfg = Debug|Any CPU
		{E7BF23B9-5C87-4E73-9363-F7E374C11340}.Debug|Mixed Platforms.Build.0 = Debug|Any CPU
		{E7BF23B9-5C87-4E73-9363-F7E374C11340}.Debug|Win32.ActiveCfg = Debug|Any CPU
		{E7BF23B9-5C87-4E73-9363-F7E374C11340}.Debug|x64.ActiveCfg = Debug|Any CPU
		{E7BF23B9-5C87-4E73-9363-F7E374C11340}.Release|Any CPU.ActiveCfg = Release|Any CPU
		{E7BF23B9-5C87-4E73-9363-F7E374C11340}.Release|Any CPU.Build.0 = Release|Any CPU
		{E7BF23B9-5C87-4E73-9363-F7E374C11340}.Release|Mixed Platforms.ActiveCfg = Release|Any CPU
		{E7BF23B9-5C87-4E73-9363-F7E374C11340}.Release|Mixed Platforms.Build.0 = Release|Any CPU
		{E7BF23B9-5C87-4E73-9363-F7E374C11340}.Release|Win32.ActiveCfg = Release|Any CPU
		{E7BF23B9-5C87-4E73-9363-F7E374C11340}.Release|x64.ActiveCfg = Release|Any CPU
		{689F7BC7-6920-4654-861B-61D71054C078}.Debug|Any CPU.ActiveCfg = Debug|Any CPU
		{689F7BC7-6920-4654-861B-61D71054C078}.Debug|Any CPU.Build.0 = Debug|Any CPU
		{689F7BC7-6920-4654-861B-61D71054C078}.Debug|Mixed Platforms.ActiveCfg = Debug|Any CPU
		{689F7BC7-6920-4654-861B-61D71054C078}.Debug|Mixed Platforms.Build.0 = Debug|Any CPU
		{689F7BC7-6920-4654-861B-61D71054C078}.Debug|Win32.ActiveCfg = Debug|Any CPU
		{689F7BC7-6920-4654-861B-61D71054C078}.Debug|x64.ActiveCfg = Debug|Any CPU
		{689F7BC7-6920-4654-861B-61D71054C078}.Release|Any CPU.ActiveCfg = Release|Any CPU
		{689F7BC7-6920-4654-861B-61D71054C078}.Release|Any CPU.Build.0 = Release|Any CPU
		{689F7BC7-6920-4654-861B-61D71054C078}.Release|Mixed Platforms.ActiveCfg = Release|Any CPU
		{689F7BC7-6920-4654-861B-61D71054C078}.Release|Mixed Platforms.Build.0 = Release|Any CPU
		{689F7BC7-6920-4654-861B-61D71054C078}.Release|Win32.ActiveCfg = Release|Any CPU
		{689F7BC7-6920-4654-861B-61D71054C078}.Release|x64.ActiveCfg = Release|Any CPU
	EndGlobalSection
	GlobalSection(SolutionProperties) = preSolution
		HideSolutionNode = FALSE
	EndGlobalSection
	GlobalSection(NestedProjects) = preSolution
		{0DAF0727-AF2A-4D71-A0D4-7769442222DD} = {FBF477D3-EBFC-4A2F-A958-747143866727}
		{946B9A8D-F9CB-4E1D-93E3-BF09E2420B3E} = {FBF477D3-EBFC-4A2F-A958-747143866727}
		{AC235BCE-181B-4B49-8ABC-D1639D935373} = {368DFFA5-E5E2-4FBC-9AF4-B76AB3FBE62A}
		{AD95F54B-59AB-4176-B513-6DC81E723FF7} = {368DFFA5-E5E2-4FBC-9AF4-B76AB3FBE62A}
		{639160EC-FCA4-4C5C-A2E3-79C67B7B254E} = {701E4B82-D923-4951-82D4-CE345E6BA43A}
		{9A12D2D7-C9F7-4A25-B051-426424E9A0C4} = {701E4B82-D923-4951-82D4-CE345E6BA43A}
		{9868D730-3DA7-4CD8-9DB5-DBDD6557B2DB} = {368DFFA5-E5E2-4FBC-9AF4-B76AB3FBE62A}
		{37207B8E-497A-4C5C-B1E8-E15D8521B30B} = {0DC79FCA-396D-4202-A5F9-BB2C51423D92}
		{A4C9AAA4-61D5-4574-A4CD-467FE72BF0C0} = {0DC79FCA-396D-4202-A5F9-BB2C51423D92}
		{E7BF23B9-5C87-4E73-9363-F7E374C11340} = {0DC79FCA-396D-4202-A5F9-BB2C51423D92}
		{689F7BC7-6920-4654-861B-61D71054C078} = {0DC79FCA-396D-4202-A5F9-BB2C51423D92}
	EndGlobalSection
EndGlobal
