<?xml version="1.0" encoding="utf-8"?>
<Project ToolsVersion="4.0" xmlns="http://schemas.microsoft.com/developer/msbuild/2003">
  <ItemGroup>
    <Filter Include="Source Files">
      <UniqueIdentifier>{4FC737F1-C7A5-4376-A066-2A32D752A2FF}</UniqueIdentifier>
      <Extensions>cpp;c;cc;cxx;def;odl;idl;hpj;bat;asm;asmx</Extensions>
    </Filter>
    <Filter Include="Header Files">
      <UniqueIdentifier>{93995380-89BD-4b04-88EB-625FBE52EBFB}</UniqueIdentifier>
      <Extensions>h;hh;hpp;hxx;hm;inl;inc;xsd</Extensions>
    </Filter>
    <Filter Include="Resource Files">
      <UniqueIdentifier>{67DA6AB6-F800-4c08-8B7A-83BB121AAD01}</UniqueIdentifier>
      <Extensions>rc;ico;cur;bmp;dlg;rc2;rct;bin;rgs;gif;jpg;jpeg;jpe;resx;tiff;tif;png;wav;mfcribbon-ms</Extensions>
    </Filter>
    <Filter Include="Resource Files\PlayerData">
      <UniqueIdentifier>{f4864d9e-99f1-44fc-a931-6e0d8724bf48}</UniqueIdentifier>
    </Filter>
    <Filter Include="Resource Files\Contributor">
      <UniqueIdentifier>{17d26dc8-0e40-43df-92a2-6f03857b15d5}</UniqueIdentifier>
    </Filter>
    <Filter Include="Resource Files\PlayerDataHistory">
      <UniqueIdentifier>{de6df00b-b98e-47c5-b0c2-bca79e83b1f1}</UniqueIdentifier>
    </Filter>
  </ItemGroup>
  <ItemGroup>
    <ClCompile Include="main.cpp">
      <Filter>Source Files</Filter>
    </ClCompile>
  </ItemGroup>
  <ItemGroup>
    <ClInclude Include="PlayerSummaryDatabase.h">
      <Filter>Source Files</Filter>
    </ClInclude>
    <ClInclude Include="ItemSummaryDatabase.h">
      <Filter>Source Files</Filter>
    </ClInclude>
    <ClInclude Include="SerializeHelpers.h">
      <Filter>Source Files</Filter>
    </ClInclude>
    <ClInclude Include="DateTime.h">
      <Filter>Source Files</Filter>
    </ClInclude>
    <ClInclude Include="RealmDatabase.h">
      <Filter>Source Files</Filter>
    </ClInclude>
    <ClInclude Include="WowEnums.h">
      <Filter>Header Files</Filter>
    </ClInclude>
    <ClInclude Include="TinyArray.h">
      <Filter>Source Files</Filter>
    </ClInclude>
    <ClInclude Include="PlayerData.h">
      <Filter>Resource Files\PlayerData</Filter>
    </ClInclude>
    <ClInclude Include="GuildData.h">
      <Filter>Resource Files\PlayerData</Filter>
    </ClInclude>
    <ClInclude Include="CharacterData.h">
      <Filter>Resource Files\PlayerData</Filter>
    </ClInclude>
    <ClInclude Include="HonorData.h">
      <Filter>Resource Files\PlayerData</Filter>
    </ClInclude>
    <ClInclude Include="GearData.h">
      <Filter>Resource Files\PlayerData</Filter>
    </ClInclude>
    <ClInclude Include="UploadID.h">
      <Filter>Resource Files\Contributor</Filter>
    </ClInclude>
    <ClInclude Include="PlayerDataHistory.h">
      <Filter>Resource Files\PlayerDataHistory</Filter>
    </ClInclude>
    <ClInclude Include="CharacterDataHistoryItem.h">
      <Filter>Resource Files\PlayerDataHistory</Filter>
    </ClInclude>
    <ClInclude Include="GuildDataHistoryItem.h">
      <Filter>Resource Files\PlayerDataHistory</Filter>
    </ClInclude>
    <ClInclude Include="HonorDataHistoryItem.h">
      <Filter>Resource Files\PlayerDataHistory</Filter>
    </ClInclude>
    <ClInclude Include="GearDataHistoryItem.h">
      <Filter>Resource Files\PlayerDataHistory</Filter>
    </ClInclude>
    <ClInclude Include="ArenaDataHistoryItem.h">
      <Filter>Resource Files\PlayerDataHistory</Filter>
    </ClInclude>
    <ClInclude Include="ArenaData.h">
      <Filter>Resource Files\PlayerData</Filter>
    </ClInclude>
  </ItemGroup>
</Project>